// !$*UTF8*$!
{
	archiveVersion = 1;
	classes = {
	};
	objectVersion = 50;
	objects = {

/* Begin PBXBuildFile section */
		7267491523CFFED100147989 /* AppDelegate.swift in Sources */ = {isa = PBXBuildFile; fileRef = 7267491423CFFED100147989 /* AppDelegate.swift */; };
		7267491723CFFED100147989 /* SceneDelegate.swift in Sources */ = {isa = PBXBuildFile; fileRef = 7267491623CFFED100147989 /* SceneDelegate.swift */; };
		7267491923CFFED100147989 /* ContentView.swift in Sources */ = {isa = PBXBuildFile; fileRef = 7267491823CFFED100147989 /* ContentView.swift */; };
		7267491B23CFFED100147989 /* Assets.xcassets in Resources */ = {isa = PBXBuildFile; fileRef = 7267491A23CFFED100147989 /* Assets.xcassets */; };
		7267491E23CFFED100147989 /* Preview Assets.xcassets in Resources */ = {isa = PBXBuildFile; fileRef = 7267491D23CFFED100147989 /* Preview Assets.xcassets */; };
		7267492123CFFED100147989 /* LaunchScreen.storyboard in Resources */ = {isa = PBXBuildFile; fileRef = 7267491F23CFFED100147989 /* LaunchScreen.storyboard */; };
		7267492C23CFFED200147989 /* swift_task1Tests.swift in Sources */ = {isa = PBXBuildFile; fileRef = 7267492B23CFFED200147989 /* swift_task1Tests.swift */; };
		7267493723CFFED200147989 /* swift_task1UITests.swift in Sources */ = {isa = PBXBuildFile; fileRef = 7267493623CFFED200147989 /* swift_task1UITests.swift */; };
/* End PBXBuildFile section */

/* Begin PBXContainerItemProxy section */
		7267492823CFFED200147989 /* PBXContainerItemProxy */ = {
			isa = PBXContainerItemProxy;
			containerPortal = 7267490923CFFED100147989 /* Project object */;
			proxyType = 1;
			remoteGlobalIDString = 7267491023CFFED100147989;
			remoteInfo = "swift-task1";
		};
		7267493323CFFED200147989 /* PBXContainerItemProxy */ = {
			isa = PBXContainerItemProxy;
			containerPortal = 7267490923CFFED100147989 /* Project object */;
			proxyType = 1;
			remoteGlobalIDString = 7267491023CFFED100147989;
			remoteInfo = "swift-task1";
		};
/* End PBXContainerItemProxy section */

/* Begin PBXFileReference section */
		7267491123CFFED100147989 /* swift-task1.app */ = {isa = PBXFileReference; explicitFileType = wrapper.application; includeInIndex = 0; path = "swift-task1.app"; sourceTree = BUILT_PRODUCTS_DIR; };
		7267491423CFFED100147989 /* AppDelegate.swift */ = {isa = PBXFileReference; lastKnownFileType = sourcecode.swift; path = AppDelegate.swift; sourceTree = "<group>"; };
		7267491623CFFED100147989 /* SceneDelegate.swift */ = {isa = PBXFileReference; lastKnownFileType = sourcecode.swift; path = SceneDelegate.swift; sourceTree = "<group>"; };
		7267491823CFFED100147989 /* ContentView.swift */ = {isa = PBXFileReference; lastKnownFileType = sourcecode.swift; path = ContentView.swift; sourceTree = "<group>"; };
		7267491A23CFFED100147989 /* Assets.xcassets */ = {isa = PBXFileReference; lastKnownFileType = folder.assetcatalog; path = Assets.xcassets; sourceTree = "<group>"; };
		7267491D23CFFED100147989 /* Preview Assets.xcassets */ = {isa = PBXFileReference; lastKnownFileType = folder.assetcatalog; path = "Preview Assets.xcassets"; sourceTree = "<group>"; };
		7267492023CFFED100147989 /* Base */ = {isa = PBXFileReference; lastKnownFileType = file.storyboard; name = Base; path = Base.lproj/LaunchScreen.storyboard; sourceTree = "<group>"; };
		7267492223CFFED100147989 /* Info.plist */ = {isa = PBXFileReference; lastKnownFileType = text.plist.xml; path = Info.plist; sourceTree = "<group>"; };
		7267492723CFFED200147989 /* swift-task1Tests.xctest */ = {isa = PBXFileReference; explicitFileType = wrapper.cfbundle; includeInIndex = 0; path = "swift-task1Tests.xctest"; sourceTree = BUILT_PRODUCTS_DIR; };
		7267492B23CFFED200147989 /* swift_task1Tests.swift */ = {isa = PBXFileReference; lastKnownFileType = sourcecode.swift; path = swift_task1Tests.swift; sourceTree = "<group>"; };
		7267492D23CFFED200147989 /* Info.plist */ = {isa = PBXFileReference; lastKnownFileType = text.plist.xml; path = Info.plist; sourceTree = "<group>"; };
		7267493223CFFED200147989 /* swift-task1UITests.xctest */ = {isa = PBXFileReference; explicitFileType = wrapper.cfbundle; includeInIndex = 0; path = "swift-task1UITests.xctest"; sourceTree = BUILT_PRODUCTS_DIR; };
		7267493623CFFED200147989 /* swift_task1UITests.swift */ = {isa = PBXFileReference; lastKnownFileType = sourcecode.swift; path = swift_task1UITests.swift; sourceTree = "<group>"; };
		7267493823CFFED200147989 /* Info.plist */ = {isa = PBXFileReference; lastKnownFileType = text.plist.xml; path = Info.plist; sourceTree = "<group>"; };
/* End PBXFileReference section */

/* Begin PBXFrameworksBuildPhase section */
		7267490E23CFFED100147989 /* Frameworks */ = {
			isa = PBXFrameworksBuildPhase;
			buildActionMask = 2147483647;
			files = (
			);
			runOnlyForDeploymentPostprocessing = 0;
		};
		7267492423CFFED200147989 /* Frameworks */ = {
			isa = PBXFrameworksBuildPhase;
			buildActionMask = 2147483647;
			files = (
			);
			runOnlyForDeploymentPostprocessing = 0;
		};
		7267492F23CFFED200147989 /* Frameworks */ = {
			isa = PBXFrameworksBuildPhase;
			buildActionMask = 2147483647;
			files = (
			);
			runOnlyForDeploymentPostprocessing = 0;
		};
/* End PBXFrameworksBuildPhase section */

/* Begin PBXGroup section */
		7267490823CFFED100147989 = {
			isa = PBXGroup;
			children = (
				7267491323CFFED100147989 /* swift-task1 */,
				7267492A23CFFED200147989 /* swift-task1Tests */,
				7267493523CFFED200147989 /* swift-task1UITests */,
				7267491223CFFED100147989 /* Products */,
			);
			sourceTree = "<group>";
		};
		7267491223CFFED100147989 /* Products */ = {
			isa = PBXGroup;
			children = (
				7267491123CFFED100147989 /* swift-task1.app */,
				7267492723CFFED200147989 /* swift-task1Tests.xctest */,
				7267493223CFFED200147989 /* swift-task1UITests.xctest */,
			);
			name = Products;
			sourceTree = "<group>";
		};
		7267491323CFFED100147989 /* swift-task1 */ = {
			isa = PBXGroup;
			children = (
				7267491423CFFED100147989 /* AppDelegate.swift */,
				7267491623CFFED100147989 /* SceneDelegate.swift */,
				7267491823CFFED100147989 /* ContentView.swift */,
				7267491A23CFFED100147989 /* Assets.xcassets */,
				7267491F23CFFED100147989 /* LaunchScreen.storyboard */,
				7267492223CFFED100147989 /* Info.plist */,
				7267491C23CFFED100147989 /* Preview Content */,
			);
			path = "swift-task1";
			sourceTree = "<group>";
		};
		7267491C23CFFED100147989 /* Preview Content */ = {
			isa = PBXGroup;
			children = (
				7267491D23CFFED100147989 /* Preview Assets.xcassets */,
			);
			path = "Preview Content";
			sourceTree = "<group>";
		};
		7267492A23CFFED200147989 /* swift-task1Tests */ = {
			isa = PBXGroup;
			children = (
				7267492B23CFFED200147989 /* swift_task1Tests.swift */,
				7267492D23CFFED200147989 /* Info.plist */,
			);
			path = "swift-task1Tests";
			sourceTree = "<group>";
		};
		7267493523CFFED200147989 /* swift-task1UITests */ = {
			isa = PBXGroup;
			children = (
				7267493623CFFED200147989 /* swift_task1UITests.swift */,
				7267493823CFFED200147989 /* Info.plist */,
			);
			path = "swift-task1UITests";
			sourceTree = "<group>";
		};
/* End PBXGroup section */

/* Begin PBXNativeTarget section */
		7267491023CFFED100147989 /* swift-task1 */ = {
			isa = PBXNativeTarget;
			buildConfigurationList = 7267493B23CFFED200147989 /* Build configuration list for PBXNativeTarget "swift-task1" */;
			buildPhases = (
				7267490D23CFFED100147989 /* Sources */,
				7267490E23CFFED100147989 /* Frameworks */,
				7267490F23CFFED100147989 /* Resources */,
			);
			buildRules = (
			);
			dependencies = (
			);
			name = "swift-task1";
			productName = "swift-task1";
			productReference = 7267491123CFFED100147989 /* swift-task1.app */;
			productType = "com.apple.product-type.application";
		};
		7267492623CFFED200147989 /* swift-task1Tests */ = {
			isa = PBXNativeTarget;
			buildConfigurationList = 7267493E23CFFED200147989 /* Build configuration list for PBXNativeTarget "swift-task1Tests" */;
			buildPhases = (
				7267492323CFFED200147989 /* Sources */,
				7267492423CFFED200147989 /* Frameworks */,
				7267492523CFFED200147989 /* Resources */,
			);
			buildRules = (
			);
			dependencies = (
				7267492923CFFED200147989 /* PBXTargetDependency */,
			);
			name = "swift-task1Tests";
			productName = "swift-task1Tests";
			productReference = 7267492723CFFED200147989 /* swift-task1Tests.xctest */;
			productType = "com.apple.product-type.bundle.unit-test";
		};
		7267493123CFFED200147989 /* swift-task1UITests */ = {
			isa = PBXNativeTarget;
			buildConfigurationList = 7267494123CFFED200147989 /* Build configuration list for PBXNativeTarget "swift-task1UITests" */;
			buildPhases = (
				7267492E23CFFED200147989 /* Sources */,
				7267492F23CFFED200147989 /* Frameworks */,
				7267493023CFFED200147989 /* Resources */,
			);
			buildRules = (
			);
			dependencies = (
				7267493423CFFED200147989 /* PBXTargetDependency */,
			);
			name = "swift-task1UITests";
			productName = "swift-task1UITests";
			productReference = 7267493223CFFED200147989 /* swift-task1UITests.xctest */;
			productType = "com.apple.product-type.bundle.ui-testing";
		};
/* End PBXNativeTarget section */

/* Begin PBXProject section */
		7267490923CFFED100147989 /* Project object */ = {
			isa = PBXProject;
			attributes = {
				LastSwiftUpdateCheck = 1130;
				LastUpgradeCheck = 1130;
				ORGANIZATIONNAME = saya;
				TargetAttributes = {
					7267491023CFFED100147989 = {
						CreatedOnToolsVersion = 11.3.1;
					};
					7267492623CFFED200147989 = {
						CreatedOnToolsVersion = 11.3.1;
						TestTargetID = 7267491023CFFED100147989;
					};
					7267493123CFFED200147989 = {
						CreatedOnToolsVersion = 11.3.1;
						TestTargetID = 7267491023CFFED100147989;
					};
				};
			};
			buildConfigurationList = 7267490C23CFFED100147989 /* Build configuration list for PBXProject "swift-task1" */;
			compatibilityVersion = "Xcode 9.3";
			developmentRegion = en;
			hasScannedForEncodings = 0;
			knownRegions = (
				en,
				Base,
			);
			mainGroup = 7267490823CFFED100147989;
			productRefGroup = 7267491223CFFED100147989 /* Products */;
			projectDirPath = "";
			projectRoot = "";
			targets = (
				7267491023CFFED100147989 /* swift-task1 */,
				7267492623CFFED200147989 /* swift-task1Tests */,
				7267493123CFFED200147989 /* swift-task1UITests */,
			);
		};
/* End PBXProject section */

/* Begin PBXResourcesBuildPhase section */
		7267490F23CFFED100147989 /* Resources */ = {
			isa = PBXResourcesBuildPhase;
			buildActionMask = 2147483647;
			files = (
				7267492123CFFED100147989 /* LaunchScreen.storyboard in Resources */,
				7267491E23CFFED100147989 /* Preview Assets.xcassets in Resources */,
				7267491B23CFFED100147989 /* Assets.xcassets in Resources */,
			);
			runOnlyForDeploymentPostprocessing = 0;
		};
		7267492523CFFED200147989 /* Resources */ = {
			isa = PBXResourcesBuildPhase;
			buildActionMask = 2147483647;
			files = (
			);
			runOnlyForDeploymentPostprocessing = 0;
		};
		7267493023CFFED200147989 /* Resources */ = {
			isa = PBXResourcesBuildPhase;
			buildActionMask = 2147483647;
			files = (
			);
			runOnlyForDeploymentPostprocessing = 0;
		};
/* End PBXResourcesBuildPhase section */

/* Begin PBXSourcesBuildPhase section */
		7267490D23CFFED100147989 /* Sources */ = {
			isa = PBXSourcesBuildPhase;
			buildActionMask = 2147483647;
			files = (
				7267491523CFFED100147989 /* AppDelegate.swift in Sources */,
				7267491723CFFED100147989 /* SceneDelegate.swift in Sources */,
				7267491923CFFED100147989 /* ContentView.swift in Sources */,
			);
			runOnlyForDeploymentPostprocessing = 0;
		};
		7267492323CFFED200147989 /* Sources */ = {
			isa = PBXSourcesBuildPhase;
			buildActionMask = 2147483647;
			files = (
				7267492C23CFFED200147989 /* swift_task1Tests.swift in Sources */,
			);
			runOnlyForDeploymentPostprocessing = 0;
		};
		7267492E23CFFED200147989 /* Sources */ = {
			isa = PBXSourcesBuildPhase;
			buildActionMask = 2147483647;
			files = (
				7267493723CFFED200147989 /* swift_task1UITests.swift in Sources */,
			);
			runOnlyForDeploymentPostprocessing = 0;
		};
/* End PBXSourcesBuildPhase section */

/* Begin PBXTargetDependency section */
		7267492923CFFED200147989 /* PBXTargetDependency */ = {
			isa = PBXTargetDependency;
			target = 7267491023CFFED100147989 /* swift-task1 */;
			targetProxy = 7267492823CFFED200147989 /* PBXContainerItemProxy */;
		};
		7267493423CFFED200147989 /* PBXTargetDependency */ = {
			isa = PBXTargetDependency;
			target = 7267491023CFFED100147989 /* swift-task1 */;
			targetProxy = 7267493323CFFED200147989 /* PBXContainerItemProxy */;
		};
/* End PBXTargetDependency section */

/* Begin PBXVariantGroup section */
		7267491F23CFFED100147989 /* LaunchScreen.storyboard */ = {
			isa = PBXVariantGroup;
			children = (
				7267492023CFFED100147989 /* Base */,
			);
			name = LaunchScreen.storyboard;
			sourceTree = "<group>";
		};
/* End PBXVariantGroup section */

/* Begin XCBuildConfiguration section */
		7267493923CFFED200147989 /* Debug */ = {
			isa = XCBuildConfiguration;
			buildSettings = {
				ALWAYS_SEARCH_USER_PATHS = NO;
				CLANG_ANALYZER_NONNULL = YES;
				CLANG_ANALYZER_NUMBER_OBJECT_CONVERSION = YES_AGGRESSIVE;
				CLANG_CXX_LANGUAGE_STANDARD = "gnu++14";
				CLANG_CXX_LIBRARY = "libc++";
				CLANG_ENABLE_MODULES = YES;
				CLANG_ENABLE_OBJC_ARC = YES;
				CLANG_ENABLE_OBJC_WEAK = YES;
				CLANG_WARN_BLOCK_CAPTURE_AUTORELEASING = YES;
				CLANG_WARN_BOOL_CONVERSION = YES;
				CLANG_WARN_COMMA = YES;
				CLANG_WARN_CONSTANT_CONVERSION = YES;
				CLANG_WARN_DEPRECATED_OBJC_IMPLEMENTATIONS = YES;
				CLANG_WARN_DIRECT_OBJC_ISA_USAGE = YES_ERROR;
				CLANG_WARN_DOCUMENTATION_COMMENTS = YES;
				CLANG_WARN_EMPTY_BODY = YES;
				CLANG_WARN_ENUM_CONVERSION = YES;
				CLANG_WARN_INFINITE_RECURSION = YES;
				CLANG_WARN_INT_CONVERSION = YES;
				CLANG_WARN_NON_LITERAL_NULL_CONVERSION = YES;
				CLANG_WARN_OBJC_IMPLICIT_RETAIN_SELF = YES;
				CLANG_WARN_OBJC_LITERAL_CONVERSION = YES;
				CLANG_WARN_OBJC_ROOT_CLASS = YES_ERROR;
				CLANG_WARN_RANGE_LOOP_ANALYSIS = YES;
				CLANG_WARN_STRICT_PROTOTYPES = YES;
				CLANG_WARN_SUSPICIOUS_MOVE = YES;
				CLANG_WARN_UNGUARDED_AVAILABILITY = YES_AGGRESSIVE;
				CLANG_WARN_UNREACHABLE_CODE = YES;
				CLANG_WARN__DUPLICATE_METHOD_MATCH = YES;
				COPY_PHASE_STRIP = NO;
				DEBUG_INFORMATION_FORMAT = dwarf;
				ENABLE_STRICT_OBJC_MSGSEND = YES;
				ENABLE_TESTABILITY = YES;
				GCC_C_LANGUAGE_STANDARD = gnu11;
				GCC_DYNAMIC_NO_PIC = NO;
				GCC_NO_COMMON_BLOCKS = YES;
				GCC_OPTIMIZATION_LEVEL = 0;
				GCC_PREPROCESSOR_DEFINITIONS = (
					"DEBUG=1",
					"$(inherited)",
				);
				GCC_WARN_64_TO_32_BIT_CONVERSION = YES;
				GCC_WARN_ABOUT_RETURN_TYPE = YES_ERROR;
				GCC_WARN_UNDECLARED_SELECTOR = YES;
				GCC_WARN_UNINITIALIZED_AUTOS = YES_AGGRESSIVE;
				GCC_WARN_UNUSED_FUNCTION = YES;
				GCC_WARN_UNUSED_VARIABLE = YES;
				IPHONEOS_DEPLOYMENT_TARGET = 13.2;
				MTL_ENABLE_DEBUG_INFO = INCLUDE_SOURCE;
				MTL_FAST_MATH = YES;
				ONLY_ACTIVE_ARCH = YES;
				SDKROOT = iphoneos;
				SWIFT_ACTIVE_COMPILATION_CONDITIONS = DEBUG;
				SWIFT_OPTIMIZATION_LEVEL = "-Onone";
			};
			name = Debug;
		};
		7267493A23CFFED200147989 /* Release */ = {
			isa = XCBuildConfiguration;
			buildSettings = {
				ALWAYS_SEARCH_USER_PATHS = NO;
				CLANG_ANALYZER_NONNULL = YES;
				CLANG_ANALYZER_NUMBER_OBJECT_CONVERSION = YES_AGGRESSIVE;
				CLANG_CXX_LANGUAGE_STANDARD = "gnu++14";
				CLANG_CXX_LIBRARY = "libc++";
				CLANG_ENABLE_MODULES = YES;
				CLANG_ENABLE_OBJC_ARC = YES;
				CLANG_ENABLE_OBJC_WEAK = YES;
				CLANG_WARN_BLOCK_CAPTURE_AUTORELEASING = YES;
				CLANG_WARN_BOOL_CONVERSION = YES;
				CLANG_WARN_COMMA = YES;
				CLANG_WARN_CONSTANT_CONVERSION = YES;
				CLANG_WARN_DEPRECATED_OBJC_IMPLEMENTATIONS = YES;
				CLANG_WARN_DIRECT_OBJC_ISA_USAGE = YES_ERROR;
				CLANG_WARN_DOCUMENTATION_COMMENTS = YES;
				CLANG_WARN_EMPTY_BODY = YES;
				CLANG_WARN_ENUM_CONVERSION = YES;
				CLANG_WARN_INFINITE_RECURSION = YES;
				CLANG_WARN_INT_CONVERSION = YES;
				CLANG_WARN_NON_LITERAL_NULL_CONVERSION = YES;
				CLANG_WARN_OBJC_IMPLICIT_RETAIN_SELF = YES;
				CLANG_WARN_OBJC_LITERAL_CONVERSION = YES;
				CLANG_WARN_OBJC_ROOT_CLASS = YES_ERROR;
				CLANG_WARN_RANGE_LOOP_ANALYSIS = YES;
				CLANG_WARN_STRICT_PROTOTYPES = YES;
				CLANG_WARN_SUSPICIOUS_MOVE = YES;
				CLANG_WARN_UNGUARDED_AVAILABILITY = YES_AGGRESSIVE;
				CLANG_WARN_UNREACHABLE_CODE = YES;
				CLANG_WARN__DUPLICATE_METHOD_MATCH = YES;
				COPY_PHASE_STRIP = NO;
				DEBUG_INFORMATION_FORMAT = "dwarf-with-dsym";
				ENABLE_NS_ASSERTIONS = NO;
				ENABLE_STRICT_OBJC_MSGSEND = YES;
				GCC_C_LANGUAGE_STANDARD = gnu11;
				GCC_NO_COMMON_BLOCKS = YES;
				GCC_WARN_64_TO_32_BIT_CONVERSION = YES;
				GCC_WARN_ABOUT_RETURN_TYPE = YES_ERROR;
				GCC_WARN_UNDECLARED_SELECTOR = YES;
				GCC_WARN_UNINITIALIZED_AUTOS = YES_AGGRESSIVE;
				GCC_WARN_UNUSED_FUNCTION = YES;
				GCC_WARN_UNUSED_VARIABLE = YES;
				IPHONEOS_DEPLOYMENT_TARGET = 13.2;
				MTL_ENABLE_DEBUG_INFO = NO;
				MTL_FAST_MATH = YES;
				SDKROOT = iphoneos;
				SWIFT_COMPILATION_MODE = wholemodule;
				SWIFT_OPTIMIZATION_LEVEL = "-O";
				VALIDATE_PRODUCT = YES;
			};
			name = Release;
		};
		7267493C23CFFED200147989 /* Debug */ = {
			isa = XCBuildConfiguration;
			buildSettings = {
				ASSETCATALOG_COMPILER_APPICON_NAME = AppIcon;
				CODE_SIGN_STYLE = Automatic;
				DEVELOPMENT_ASSET_PATHS = "\"swift-task1/Preview Content\"";
				ENABLE_PREVIEWS = YES;
				INFOPLIST_FILE = "swift-task1/Info.plist";
				LD_RUNPATH_SEARCH_PATHS = (
					"$(inherited)",
					"@executable_path/Frameworks",
				);
				PRODUCT_BUNDLE_IDENTIFIER = "jp.co.sample.swift-task1";
				PRODUCT_NAME = "$(TARGET_NAME)";
				SWIFT_VERSION = 5.0;
				TARGETED_DEVICE_FAMILY = "1,2";
			};
			name = Debug;
		};
		7267493D23CFFED200147989 /* Release */ = {
			isa = XCBuildConfiguration;
			buildSettings = {
				ASSETCATALOG_COMPILER_APPICON_NAME = AppIcon;
				CODE_SIGN_STYLE = Automatic;
				DEVELOPMENT_ASSET_PATHS = "\"swift-task1/Preview Content\"";
				ENABLE_PREVIEWS = YES;
				INFOPLIST_FILE = "swift-task1/Info.plist";
				LD_RUNPATH_SEARCH_PATHS = (
					"$(inherited)",
					"@executable_path/Frameworks",
				);
				PRODUCT_BUNDLE_IDENTIFIER = "jp.co.sample.swift-task1";
				PRODUCT_NAME = "$(TARGET_NAME)";
				SWIFT_VERSION = 5.0;
				TARGETED_DEVICE_FAMILY = "1,2";
			};
			name = Release;
		};
		7267493F23CFFED200147989 /* Debug */ = {
			isa = XCBuildConfiguration;
			buildSettings = {
				ALWAYS_EMBED_SWIFT_STANDARD_LIBRARIES = YES;
				BUNDLE_LOADER = "$(TEST_HOST)";
				CODE_SIGN_STYLE = Automatic;
				INFOPLIST_FILE = "swift-task1Tests/Info.plist";
				IPHONEOS_DEPLOYMENT_TARGET = 13.2;
				LD_RUNPATH_SEARCH_PATHS = (
					"$(inherited)",
					"@executable_path/Frameworks",
					"@loader_path/Frameworks",
				);
				PRODUCT_BUNDLE_IDENTIFIER = "jp.co.sample.swift-task1Tests";
				PRODUCT_NAME = "$(TARGET_NAME)";
				SWIFT_VERSION = 5.0;
				TARGETED_DEVICE_FAMILY = "1,2";
				TEST_HOST = "$(BUILT_PRODUCTS_DIR)/swift-task1.app/swift-task1";
			};
			name = Debug;
		};
		7267494023CFFED200147989 /* Release */ = {
			isa = XCBuildConfiguration;
			buildSettings = {
				ALWAYS_EMBED_SWIFT_STANDARD_LIBRARIES = YES;
				BUNDLE_LOADER = "$(TEST_HOST)";
				CODE_SIGN_STYLE = Automatic;
				INFOPLIST_FILE = "swift-task1Tests/Info.plist";
				IPHONEOS_DEPLOYMENT_TARGET = 13.2;
				LD_RUNPATH_SEARCH_PATHS = (
					"$(inherited)",
					"@executable_path/Frameworks",
					"@loader_path/Frameworks",
				);
				PRODUCT_BUNDLE_IDENTIFIER = "jp.co.sample.swift-task1Tests";
				PRODUCT_NAME = "$(TARGET_NAME)";
				SWIFT_VERSION = 5.0;
				TARGETED_DEVICE_FAMILY = "1,2";
				TEST_HOST = "$(BUILT_PRODUCTS_DIR)/swift-task1.app/swift-task1";
			};
			name = Release;
		};
		7267494223CFFED200147989 /* Debug */ = {
			isa = XCBuildConfiguration;
			buildSettings = {
				ALWAYS_EMBED_SWIFT_STANDARD_LIBRARIES = YES;
				CODE_SIGN_STYLE = Automatic;
				INFOPLIST_FILE = "swift-task1UITests/Info.plist";
				LD_RUNPATH_SEARCH_PATHS = (
					"$(inherited)",
					"@executable_path/Frameworks",
					"@loader_path/Frameworks",
				);
				PRODUCT_BUNDLE_IDENTIFIER = "jp.co.sample.swift-task1UITests";
				PRODUCT_NAME = "$(TARGET_NAME)";
				SWIFT_VERSION = 5.0;
				TARGETED_DEVICE_FAMILY = "1,2";
				TEST_TARGET_NAME = "swift-task1";
			};
			name = Debug;
		};
		7267494323CFFED200147989 /* Release */ = {
			isa = XCBuildConfiguration;
			buildSettings = {
				ALWAYS_EMBED_SWIFT_STANDARD_LIBRARIES = YES;
				CODE_SIGN_STYLE = Automatic;
				INFOPLIST_FILE = "swift-task1UITests/Info.plist";
				LD_RUNPATH_SEARCH_PATHS = (
					"$(inherited)",
					"@executable_path/Frameworks",
					"@loader_path/Frameworks",
				);
				PRODUCT_BUNDLE_IDENTIFIER = "jp.co.sample.swift-task1UITests";
				PRODUCT_NAME = "$(TARGET_NAME)";
				SWIFT_VERSION = 5.0;
				TARGETED_DEVICE_FAMILY = "1,2";
				TEST_TARGET_NAME = "swift-task1";
			};
			name = Release;
		};
/* End XCBuildConfiguration section */

/* Begin XCConfigurationList section */
		7267490C23CFFED100147989 /* Build configuration list for PBXProject "swift-task1" */ = {
			isa = XCConfigurationList;
			buildConfigurations = (
				7267493923CFFED200147989 /* Debug */,
				7267493A23CFFED200147989 /* Release */,
			);
			defaultConfigurationIsVisible = 0;
			defaultConfigurationName = Release;
		};
		7267493B23CFFED200147989 /* Build configuration list for PBXNativeTarget "swift-task1" */ = {
			isa = XCConfigurationList;
			buildConfigurations = (
				7267493C23CFFED200147989 /* Debug */,
				7267493D23CFFED200147989 /* Release */,
			);
			defaultConfigurationIsVisible = 0;
			defaultConfigurationName = Release;
		};
		7267493E23CFFED200147989 /* Build configuration list for PBXNativeTarget "swift-task1Tests" */ = {
			isa = XCConfigurationList;
			buildConfigurations = (
				7267493F23CFFED200147989 /* Debug */,
				7267494023CFFED200147989 /* Release */,
			);
			defaultConfigurationIsVisible = 0;
			defaultConfigurationName = Release;
		};
		7267494123CFFED200147989 /* Build configuration list for PBXNativeTarget "swift-task1UITests" */ = {
			isa = XCConfigurationList;
			buildConfigurations = (
				7267494223CFFED200147989 /* Debug */,
				7267494323CFFED200147989 /* Release */,
			);
			defaultConfigurationIsVisible = 0;
			defaultConfigurationName = Release;
		};
/* End XCConfigurationList section */
	};
	rootObject = 7267490923CFFED100147989 /* Project object */;
}
